
Microsoft Visual Studio Solution File, Format Version 11.00
# Visual Studio 2010
Project("{FAE04EC0-301F-11D3-BF4B-00C04F79EFBC}") = "Assembly-CSharp", "Assembly-CSharp.csproj", "{ad5d1883-859c-9f63-4a4e-9019688bf246}"
EndProject
Project("{FAE04EC0-301F-11D3-BF4B-00C04F79EFBC}") = "Assembly-CSharp-Editor", "Assembly-CSharp-Editor.csproj", "{4957bfdd-f2ee-d6fc-121c-6480f8bb0c38}"
EndProject
Global
	GlobalSection(SolutionConfigurationPlatforms) = preSolution
		Debug|Any CPU = Debug|Any CPU
	EndGlobalSection
	GlobalSection(ProjectConfigurationPlatforms) = postSolution
		{ad5d1883-859c-9f63-4a4e-9019688bf246}.Debug|Any CPU.ActiveCfg = Debug|Any CPU
		{ad5d1883-859c-9f63-4a4e-9019688bf246}.Debug|Any CPU.Build.0 = Debug|Any CPU
		{4957bfdd-f2ee-d6fc-121c-6480f8bb0c38}.Debug|Any CPU.ActiveCfg = Debug|Any CPU
		{4957bfdd-f2ee-d6fc-121c-6480f8bb0c38}.Debug|Any CPU.Build.0 = Debug|Any CPU
	EndGlobalSection
	GlobalSection(SolutionProperties) = preSolution
		HideSolutionNode = FALSE
	EndGlobalSection
EndGlobal
